
Microsoft Visual Studio Solution File, Format Version 12.00
# Visual Studio Version 16
VisualStudioVersion = 16.0.31515.178
MinimumVisualStudioVersion = 10.0.40219.1
Project("{8BC9CEB8-8B4A-11D0-8D11-00A0C91BC942}") = "BDD", "BDD\BDD.vcxproj", "{84BDADFA-E391-49F4-8E21-38CF32F02F83}"
EndProject
Global
	GlobalSection(SolutionConfigurationPlatforms) = preSolution
		Debug|x64 = Debug|x64
		Debug|x86 = Debug|x86
		Release|x64 = Release|x64
		Release|x86 = Release|x86
	EndGlobalSection
	GlobalSection(ProjectConfigurationPlatforms) = postSolution
		{84BDADFA-E391-49F4-8E21-38CF32F02F83}.Debug|x64.ActiveCfg = Debug|x64
		{84BDADFA-E391-49F4-8E21-38CF32F02F83}.Debug|x64.Build.0 = Debug|x64
		{84BDADFA-E391-49F4-8E21-38CF32F02F83}.Debug|x86.ActiveCfg = Debug|Win32
		{84BDADFA-E391-49F4-8E21-38CF32F02F83}.Debug|x86.Build.0 = Debug|Win32
		{84BDADFA-E391-49F4-8E21-38CF32F02F83}.Release|x64.ActiveCfg = Release|x64
		{84BDADFA-E391-49F4-8E21-38CF32F02F83}.Release|x64.Build.0 = Release|x64
		{84BDADFA-E391-49F4-8E21-38CF32F02F83}.Release|x86.ActiveCfg = Release|Win32
		{84BDADFA-E391-49F4-8E21-38CF32F02F83}.Release|x86.Build.0 = Release|Win32
	EndGlobalSection
	GlobalSection(SolutionProperties) = preSolution
		HideSolutionNode = FALSE
	EndGlobalSection
	GlobalSection(ExtensibilityGlobals) = postSolution
		SolutionGuid = {D84FF0DD-0ED9-4737-888D-2EF32D89F76C}
	EndGlobalSection
EndGlobal
